
Microsoft Visual Studio Solution File, Format Version 12.00
# Visual Studio Version 16
VisualStudioVersion = 16.0.32413.511
MinimumVisualStudioVersion = 10.0.40219.1
Project("{FAE04EC0-301F-11D3-BF4B-00C04F79EFBC}") = "Entities", "Entities\Entities.csproj", "{CF0467DE-9E66-4FCB-A958-42D42E7A4816}"
EndProject
Project("{FAE04EC0-301F-11D3-BF4B-00C04F79EFBC}") = "Core", "Core\Core.csproj", "{5D6C696A-9FB9-4CCA-A112-68FE08DDE6F9}"
EndProject
Global
	GlobalSection(SolutionConfigurationPlatforms) = preSolution
		Debug|Any CPU = Debug|Any CPU
		Release|Any CPU = Release|Any CPU
	EndGlobalSection
	GlobalSection(ProjectConfigurationPlatforms) = postSolution
		{CF0467DE-9E66-4FCB-A958-42D42E7A4816}.Debug|Any CPU.ActiveCfg = Debug|Any CPU
		{CF0467DE-9E66-4FCB-A958-42D42E7A4816}.Debug|Any CPU.Build.0 = Debug|Any CPU
		{CF0467DE-9E66-4FCB-A958-42D42E7A4816}.Release|Any CPU.ActiveCfg = Release|Any CPU
		{CF0467DE-9E66-4FCB-A958-42D42E7A4816}.Release|Any CPU.Build.0 = Release|Any CPU
		{5D6C696A-9FB9-4CCA-A112-68FE08DDE6F9}.Debug|Any CPU.ActiveCfg = Debug|Any CPU
		{5D6C696A-9FB9-4CCA-A112-68FE08DDE6F9}.Debug|Any CPU.Build.0 = Debug|Any CPU
		{5D6C696A-9FB9-4CCA-A112-68FE08DDE6F9}.Release|Any CPU.ActiveCfg = Release|Any CPU
		{5D6C696A-9FB9-4CCA-A112-68FE08DDE6F9}.Release|Any CPU.Build.0 = Release|Any CPU
	EndGlobalSection
	GlobalSection(SolutionProperties) = preSolution
		HideSolutionNode = FALSE
	EndGlobalSection
	GlobalSection(ExtensibilityGlobals) = postSolution
		SolutionGuid = {277F9735-C482-4062-AC70-161C996FF65E}
	EndGlobalSection
EndGlobal
